
Microsoft Visual Studio Solution File, Format Version 12.00
# Visual Studio 15
VisualStudioVersion = 15.0.28307.168
MinimumVisualStudioVersion = 10.0.40219.1
Project("{FAE04EC0-301F-11D3-BF4B-00C04F79EFBC}") = "FaithFeedSeed", "FaithFeedSeed\FaithFeedSeed.csproj", "{A811F4A5-6A11-4AC2-AAB3-6B6F4313DE26}"
EndProject
Project("{FAE04EC0-301F-11D3-BF4B-00C04F79EFBC}") = "FaithFeedChargeAccountUI", "FaithFeedChargeAccountUI\FaithFeedChargeAccountUI.csproj", "{62D10485-76E6-4366-8529-0DC5D24170B5}"
EndProject
Global
	GlobalSection(SolutionConfigurationPlatforms) = preSolution
		Debug|Any CPU = Debug|Any CPU
		Release|Any CPU = Release|Any CPU
	EndGlobalSection
	GlobalSection(ProjectConfigurationPlatforms) = postSolution
		{A811F4A5-6A11-4AC2-AAB3-6B6F4313DE26}.Debug|Any CPU.ActiveCfg = Debug|Any CPU
		{A811F4A5-6A11-4AC2-AAB3-6B6F4313DE26}.Debug|Any CPU.Build.0 = Debug|Any CPU
		{A811F4A5-6A11-4AC2-AAB3-6B6F4313DE26}.Release|Any CPU.ActiveCfg = Release|Any CPU
		{A811F4A5-6A11-4AC2-AAB3-6B6F4313DE26}.Release|Any CPU.Build.0 = Release|Any CPU
		{62D10485-76E6-4366-8529-0DC5D24170B5}.Debug|Any CPU.ActiveCfg = Debug|Any CPU
		{62D10485-76E6-4366-8529-0DC5D24170B5}.Debug|Any CPU.Build.0 = Debug|Any CPU
		{62D10485-76E6-4366-8529-0DC5D24170B5}.Release|Any CPU.ActiveCfg = Release|Any CPU
		{62D10485-76E6-4366-8529-0DC5D24170B5}.Release|Any CPU.Build.0 = Release|Any CPU
	EndGlobalSection
	GlobalSection(SolutionProperties) = preSolution
		HideSolutionNode = FALSE
	EndGlobalSection
	GlobalSection(ExtensibilityGlobals) = postSolution
		SolutionGuid = {3A7C4939-F754-471D-8C6C-8548FEA134D2}
	EndGlobalSection
EndGlobal
