
Microsoft Visual Studio Solution File, Format Version 12.00
# Visual Studio Version 16
VisualStudioVersion = 16.0.30104.148
MinimumVisualStudioVersion = 10.0.40219.1
Project("{FAE04EC0-301F-11D3-BF4B-00C04F79EFBC}") = "FaithFeed.Common", "FaithFeed.Common\FaithFeed.Common.csproj", "{90C938B1-EA5C-4183-9B62-15789FE5894F}"
EndProject
Project("{FAE04EC0-301F-11D3-BF4B-00C04F79EFBC}") = "FaithFeed.UI", "FaithFeed.UI\FaithFeed.UI.csproj", "{62D10485-76E6-4366-8529-0DC5D24170B5}"
EndProject
Project("{54435603-DBB4-11D2-8724-00A0C9A8B90C}") = "Setup", "Setup\Setup.vdproj", "{C77EDF99-DA89-4580-B428-F34FC5D47FCB}"
EndProject
Global
	GlobalSection(SolutionConfigurationPlatforms) = preSolution
		Debug|Any CPU = Debug|Any CPU
		Release|Any CPU = Release|Any CPU
	EndGlobalSection
	GlobalSection(ProjectConfigurationPlatforms) = postSolution
		{90C938B1-EA5C-4183-9B62-15789FE5894F}.Debug|Any CPU.ActiveCfg = Debug|Any CPU
		{90C938B1-EA5C-4183-9B62-15789FE5894F}.Debug|Any CPU.Build.0 = Debug|Any CPU
		{90C938B1-EA5C-4183-9B62-15789FE5894F}.Release|Any CPU.ActiveCfg = Release|Any CPU
		{90C938B1-EA5C-4183-9B62-15789FE5894F}.Release|Any CPU.Build.0 = Release|Any CPU
		{62D10485-76E6-4366-8529-0DC5D24170B5}.Debug|Any CPU.ActiveCfg = Debug|Any CPU
		{62D10485-76E6-4366-8529-0DC5D24170B5}.Debug|Any CPU.Build.0 = Debug|Any CPU
		{62D10485-76E6-4366-8529-0DC5D24170B5}.Release|Any CPU.ActiveCfg = Release|Any CPU
		{62D10485-76E6-4366-8529-0DC5D24170B5}.Release|Any CPU.Build.0 = Release|Any CPU
		{C77EDF99-DA89-4580-B428-F34FC5D47FCB}.Debug|Any CPU.ActiveCfg = Debug
		{C77EDF99-DA89-4580-B428-F34FC5D47FCB}.Release|Any CPU.ActiveCfg = Release
	EndGlobalSection
	GlobalSection(SolutionProperties) = preSolution
		HideSolutionNode = FALSE
	EndGlobalSection
	GlobalSection(ExtensibilityGlobals) = postSolution
		SolutionGuid = {3A7C4939-F754-471D-8C6C-8548FEA134D2}
	EndGlobalSection
EndGlobal
